
Microsoft Visual Studio Solution File, Format Version 12.00
# Visual Studio 15
VisualStudioVersion = 15.0.28307.757
MinimumVisualStudioVersion = 10.0.40219.1
Project("{FAE04EC0-301F-11D3-BF4B-00C04F79EFBC}") = "Ethernet", "Ethernet\Ethernet.csproj", "{8E047247-A342-412B-A899-CA6DF3AE6783}"
EndProject
Global
	GlobalSection(SolutionConfigurationPlatforms) = preSolution
		Debug|Any CPU = Debug|Any CPU
		Release|Any CPU = Release|Any CPU
	EndGlobalSection
	GlobalSection(ProjectConfigurationPlatforms) = postSolution
		{8E047247-A342-412B-A899-CA6DF3AE6783}.Debug|Any CPU.ActiveCfg = Debug|Any CPU
		{8E047247-A342-412B-A899-CA6DF3AE6783}.Debug|Any CPU.Build.0 = Debug|Any CPU
		{8E047247-A342-412B-A899-CA6DF3AE6783}.Release|Any CPU.ActiveCfg = Release|Any CPU
		{8E047247-A342-412B-A899-CA6DF3AE6783}.Release|Any CPU.Build.0 = Release|Any CPU
	EndGlobalSection
	GlobalSection(SolutionProperties) = preSolution
		HideSolutionNode = FALSE
	EndGlobalSection
	GlobalSection(ExtensibilityGlobals) = postSolution
		SolutionGuid = {7298EA29-A1C5-430B-BDD9-FA80E6AD68A8}
	EndGlobalSection
EndGlobal
